// !$*UTF8*$!
{
	archiveVersion = 1;
	classes = {
	};
	objectVersion = 56;
	objects = {

/* Begin PBXBuildFile section */
		2E68F6C32C1B27C700F2058E /* Secrets.swift in Sources */ = {isa = PBXBuildFile; fileRef = 2E68F6C22C1B27C700F2058E /* Secrets.swift */; };
		2EF7D8DD2C1B295D00A96D5B /* OpenAI in Frameworks */ = {isa = PBXBuildFile; productRef = 2EF7D8DC2C1B295D00A96D5B /* OpenAI */; };
		814F2DF62C19D85E0052A922 /* ChatGPTTestApp.swift in Sources */ = {isa = PBXBuildFile; fileRef = 814F2DF52C19D85E0052A922 /* ChatGPTTestApp.swift */; };
		814F2DF82C19D85E0052A922 /* LessFancyView.swift in Sources */ = {isa = PBXBuildFile; fileRef = 814F2DF72C19D85E0052A922 /* LessFancyView.swift */; };
		814F2DFA2C19D8600052A922 /* Assets.xcassets in Resources */ = {isa = PBXBuildFile; fileRef = 814F2DF92C19D8600052A922 /* Assets.xcassets */; };
		814F2DFD2C19D8600052A922 /* Preview Assets.xcassets in Resources */ = {isa = PBXBuildFile; fileRef = 814F2DFC2C19D8600052A922 /* Preview Assets.xcassets */; };
		814F2E402C1B05360052A922 /* FancyView.swift in Sources */ = {isa = PBXBuildFile; fileRef = 814F2E3F2C1B05360052A922 /* FancyView.swift */; };
		814F2E422C1B05450052A922 /* LandingView.swift in Sources */ = {isa = PBXBuildFile; fileRef = 814F2E412C1B05450052A922 /* LandingView.swift */; };
/* End PBXBuildFile section */

/* Begin PBXFileReference section */
		2E68F6C22C1B27C700F2058E /* Secrets.swift */ = {isa = PBXFileReference; lastKnownFileType = sourcecode.swift; path = Secrets.swift; sourceTree = "<group>"; };
		814F2DF22C19D85E0052A922 /* ChatGPTTest.app */ = {isa = PBXFileReference; explicitFileType = wrapper.application; includeInIndex = 0; path = ChatGPTTest.app; sourceTree = BUILT_PRODUCTS_DIR; };
		814F2DF52C19D85E0052A922 /* ChatGPTTestApp.swift */ = {isa = PBXFileReference; lastKnownFileType = sourcecode.swift; path = ChatGPTTestApp.swift; sourceTree = "<group>"; };
		814F2DF72C19D85E0052A922 /* LessFancyView.swift */ = {isa = PBXFileReference; lastKnownFileType = sourcecode.swift; path = LessFancyView.swift; sourceTree = "<group>"; };
		814F2DF92C19D8600052A922 /* Assets.xcassets */ = {isa = PBXFileReference; lastKnownFileType = folder.assetcatalog; path = Assets.xcassets; sourceTree = "<group>"; };
		814F2DFC2C19D8600052A922 /* Preview Assets.xcassets */ = {isa = PBXFileReference; lastKnownFileType = folder.assetcatalog; path = "Preview Assets.xcassets"; sourceTree = "<group>"; };
		814F2E3F2C1B05360052A922 /* FancyView.swift */ = {isa = PBXFileReference; lastKnownFileType = sourcecode.swift; path = FancyView.swift; sourceTree = "<group>"; };
		814F2E412C1B05450052A922 /* LandingView.swift */ = {isa = PBXFileReference; lastKnownFileType = sourcecode.swift; path = LandingView.swift; sourceTree = "<group>"; };
/* End PBXFileReference section */

/* Begin PBXFrameworksBuildPhase section */
		814F2DEF2C19D85E0052A922 /* Frameworks */ = {
			isa = PBXFrameworksBuildPhase;
			buildActionMask = 2147483647;
			files = (
				2EF7D8DD2C1B295D00A96D5B /* OpenAI in Frameworks */,
			);
			runOnlyForDeploymentPostprocessing = 0;
		};
/* End PBXFrameworksBuildPhase section */

/* Begin PBXGroup section */
		814F2DE92C19D85E0052A922 = {
			isa = PBXGroup;
			children = (
				814F2DF42C19D85E0052A922 /* ChatGPTTest */,
				814F2DF32C19D85E0052A922 /* Products */,
			);
			sourceTree = "<group>";
		};
		814F2DF32C19D85E0052A922 /* Products */ = {
			isa = PBXGroup;
			children = (
				814F2DF22C19D85E0052A922 /* ChatGPTTest.app */,
			);
			name = Products;
			sourceTree = "<group>";
		};
		814F2DF42C19D85E0052A922 /* ChatGPTTest */ = {
			isa = PBXGroup;
			children = (
				814F2DF52C19D85E0052A922 /* ChatGPTTestApp.swift */,
				814F2E3B2C1B017A0052A922 /* Helpers */,
				814F2E3E2C1B05040052A922 /* Views */,
				814F2DF92C19D8600052A922 /* Assets.xcassets */,
				814F2DFB2C19D8600052A922 /* Preview Content */,
			);
			path = ChatGPTTest;
			sourceTree = "<group>";
		};
		814F2DFB2C19D8600052A922 /* Preview Content */ = {
			isa = PBXGroup;
			children = (
				814F2DFC2C19D8600052A922 /* Preview Assets.xcassets */,
			);
			path = "Preview Content";
			sourceTree = "<group>";
		};
		814F2E3B2C1B017A0052A922 /* Helpers */ = {
			isa = PBXGroup;
			children = (
				2E68F6C22C1B27C700F2058E /* Secrets.swift */,
			);
			path = Helpers;
			sourceTree = "<group>";
		};
		814F2E3E2C1B05040052A922 /* Views */ = {
			isa = PBXGroup;
			children = (
				814F2E3F2C1B05360052A922 /* FancyView.swift */,
				814F2E412C1B05450052A922 /* LandingView.swift */,
				814F2DF72C19D85E0052A922 /* LessFancyView.swift */,
			);
			path = Views;
			sourceTree = "<group>";
		};
/* End PBXGroup section */

/* Begin PBXNativeTarget section */
		814F2DF12C19D85E0052A922 /* ChatGPTTest */ = {
			isa = PBXNativeTarget;
			buildConfigurationList = 814F2E002C19D8600052A922 /* Build configuration list for PBXNativeTarget "ChatGPTTest" */;
			buildPhases = (
				814F2DEE2C19D85E0052A922 /* Sources */,
				814F2DEF2C19D85E0052A922 /* Frameworks */,
				814F2DF02C19D85E0052A922 /* Resources */,
			);
			buildRules = (
			);
			dependencies = (
			);
			name = ChatGPTTest;
			packageProductDependencies = (
				2EF7D8DC2C1B295D00A96D5B /* OpenAI */,
			);
			productName = ChatGPTTest;
			productReference = 814F2DF22C19D85E0052A922 /* ChatGPTTest.app */;
			productType = "com.apple.product-type.application";
		};
/* End PBXNativeTarget section */

/* Begin PBXProject section */
		814F2DEA2C19D85E0052A922 /* Project object */ = {
			isa = PBXProject;
			attributes = {
				BuildIndependentTargetsInParallel = 1;
				LastSwiftUpdateCheck = 1540;
				LastUpgradeCheck = 1540;
				TargetAttributes = {
					814F2DF12C19D85E0052A922 = {
						CreatedOnToolsVersion = 15.4;
					};
				};
			};
			buildConfigurationList = 814F2DED2C19D85E0052A922 /* Build configuration list for PBXProject "ChatGPTTest" */;
			compatibilityVersion = "Xcode 14.0";
			developmentRegion = en;
			hasScannedForEncodings = 0;
			knownRegions = (
				en,
				Base,
			);
			mainGroup = 814F2DE92C19D85E0052A922;
			packageReferences = (
				2EF7D8DB2C1B295D00A96D5B /* XCRemoteSwiftPackageReference "OpenAI" */,
			);
			productRefGroup = 814F2DF32C19D85E0052A922 /* Products */;
			projectDirPath = "";
			projectRoot = "";
			targets = (
				814F2DF12C19D85E0052A922 /* ChatGPTTest */,
			);
		};
/* End PBXProject section */

/* Begin PBXResourcesBuildPhase section */
		814F2DF02C19D85E0052A922 /* Resources */ = {
			isa = PBXResourcesBuildPhase;
			buildActionMask = 2147483647;
			files = (
				814F2DFD2C19D8600052A922 /* Preview Assets.xcassets in Resources */,
				814F2DFA2C19D8600052A922 /* Assets.xcassets in Resources */,
			);
			runOnlyForDeploymentPostprocessing = 0;
		};
/* End PBXResourcesBuildPhase section */

/* Begin PBXSourcesBuildPhase section */
		814F2DEE2C19D85E0052A922 /* Sources */ = {
			isa = PBXSourcesBuildPhase;
			buildActionMask = 2147483647;
			files = (
				814F2DF82C19D85E0052A922 /* LessFancyView.swift in Sources */,
				2E68F6C32C1B27C700F2058E /* Secrets.swift in Sources */,
				814F2E422C1B05450052A922 /* LandingView.swift in Sources */,
				814F2E402C1B05360052A922 /* FancyView.swift in Sources */,
				814F2DF62C19D85E0052A922 /* ChatGPTTestApp.swift in Sources */,
			);
			runOnlyForDeploymentPostprocessing = 0;
		};
/* End PBXSourcesBuildPhase section */

/* Begin XCBuildConfiguration section */
		814F2DFE2C19D8600052A922 /* Debug */ = {
			isa = XCBuildConfiguration;
			buildSettings = {
				ALWAYS_SEARCH_USER_PATHS = NO;
				ASSETCATALOG_COMPILER_GENERATE_SWIFT_ASSET_SYMBOL_EXTENSIONS = YES;
				CLANG_ANALYZER_NONNULL = YES;
				CLANG_ANALYZER_NUMBER_OBJECT_CONVERSION = YES_AGGRESSIVE;
				CLANG_CXX_LANGUAGE_STANDARD = "gnu++20";
				CLANG_ENABLE_MODULES = YES;
				CLANG_ENABLE_OBJC_ARC = YES;
				CLANG_ENABLE_OBJC_WEAK = YES;
				CLANG_WARN_BLOCK_CAPTURE_AUTORELEASING = YES;
				CLANG_WARN_BOOL_CONVERSION = YES;
				CLANG_WARN_COMMA = YES;
				CLANG_WARN_CONSTANT_CONVERSION = YES;
				CLANG_WARN_DEPRECATED_OBJC_IMPLEMENTATIONS = YES;
				CLANG_WARN_DIRECT_OBJC_ISA_USAGE = YES_ERROR;
				CLANG_WARN_DOCUMENTATION_COMMENTS = YES;
				CLANG_WARN_EMPTY_BODY = YES;
				CLANG_WARN_ENUM_CONVERSION = YES;
				CLANG_WARN_INFINITE_RECURSION = YES;
				CLANG_WARN_INT_CONVERSION = YES;
				CLANG_WARN_NON_LITERAL_NULL_CONVERSION = YES;
				CLANG_WARN_OBJC_IMPLICIT_RETAIN_SELF = YES;
				CLANG_WARN_OBJC_LITERAL_CONVERSION = YES;
				CLANG_WARN_OBJC_ROOT_CLASS = YES_ERROR;
				CLANG_WARN_QUOTED_INCLUDE_IN_FRAMEWORK_HEADER = YES;
				CLANG_WARN_RANGE_LOOP_ANALYSIS = YES;
				CLANG_WARN_STRICT_PROTOTYPES = YES;
				CLANG_WARN_SUSPICIOUS_MOVE = YES;
				CLANG_WARN_UNGUARDED_AVAILABILITY = YES_AGGRESSIVE;
				CLANG_WARN_UNREACHABLE_CODE = YES;
				CLANG_WARN__DUPLICATE_METHOD_MATCH = YES;
				COPY_PHASE_STRIP = NO;
				DEBUG_INFORMATION_FORMAT = dwarf;
				ENABLE_STRICT_OBJC_MSGSEND = YES;
				ENABLE_TESTABILITY = YES;
				ENABLE_USER_SCRIPT_SANDBOXING = YES;
				GCC_C_LANGUAGE_STANDARD = gnu17;
				GCC_DYNAMIC_NO_PIC = NO;
				GCC_NO_COMMON_BLOCKS = YES;
				GCC_OPTIMIZATION_LEVEL = 0;
				GCC_PREPROCESSOR_DEFINITIONS = (
					"DEBUG=1",
					"$(inherited)",
				);
				GCC_WARN_64_TO_32_BIT_CONVERSION = YES;
				GCC_WARN_ABOUT_RETURN_TYPE = YES_ERROR;
				GCC_WARN_UNDECLARED_SELECTOR = YES;
				GCC_WARN_UNINITIALIZED_AUTOS = YES_AGGRESSIVE;
				GCC_WARN_UNUSED_FUNCTION = YES;
				GCC_WARN_UNUSED_VARIABLE = YES;
				IPHONEOS_DEPLOYMENT_TARGET = 17.2;
				LOCALIZATION_PREFERS_STRING_CATALOGS = YES;
				MTL_ENABLE_DEBUG_INFO = INCLUDE_SOURCE;
				MTL_FAST_MATH = YES;
				ONLY_ACTIVE_ARCH = YES;
				SDKROOT = iphoneos;
				SWIFT_ACTIVE_COMPILATION_CONDITIONS = "DEBUG $(inherited)";
				SWIFT_OPTIMIZATION_LEVEL = "-Onone";
			};
			name = Debug;
		};
		814F2DFF2C19D8600052A922 /* Release */ = {
			isa = XCBuildConfiguration;
			buildSettings = {
				ALWAYS_SEARCH_USER_PATHS = NO;
				ASSETCATALOG_COMPILER_GENERATE_SWIFT_ASSET_SYMBOL_EXTENSIONS = YES;
				CLANG_ANALYZER_NONNULL = YES;
				CLANG_ANALYZER_NUMBER_OBJECT_CONVERSION = YES_AGGRESSIVE;
				CLANG_CXX_LANGUAGE_STANDARD = "gnu++20";
				CLANG_ENABLE_MODULES = YES;
				CLANG_ENABLE_OBJC_ARC = YES;
				CLANG_ENABLE_OBJC_WEAK = YES;
				CLANG_WARN_BLOCK_CAPTURE_AUTORELEASING = YES;
				CLANG_WARN_BOOL_CONVERSION = YES;
				CLANG_WARN_COMMA = YES;
				CLANG_WARN_CONSTANT_CONVERSION = YES;
				CLANG_WARN_DEPRECATED_OBJC_IMPLEMENTATIONS = YES;
				CLANG_WARN_DIRECT_OBJC_ISA_USAGE = YES_ERROR;
				CLANG_WARN_DOCUMENTATION_COMMENTS = YES;
				CLANG_WARN_EMPTY_BODY = YES;
				CLANG_WARN_ENUM_CONVERSION = YES;
				CLANG_WARN_INFINITE_RECURSION = YES;
				CLANG_WARN_INT_CONVERSION = YES;
				CLANG_WARN_NON_LITERAL_NULL_CONVERSION = YES;
				CLANG_WARN_OBJC_IMPLICIT_RETAIN_SELF = YES;
				CLANG_WARN_OBJC_LITERAL_CONVERSION = YES;
				CLANG_WARN_OBJC_ROOT_CLASS = YES_ERROR;
				CLANG_WARN_QUOTED_INCLUDE_IN_FRAMEWORK_HEADER = YES;
				CLANG_WARN_RANGE_LOOP_ANALYSIS = YES;
				CLANG_WARN_STRICT_PROTOTYPES = YES;
				CLANG_WARN_SUSPICIOUS_MOVE = YES;
				CLANG_WARN_UNGUARDED_AVAILABILITY = YES_AGGRESSIVE;
				CLANG_WARN_UNREACHABLE_CODE = YES;
				CLANG_WARN__DUPLICATE_METHOD_MATCH = YES;
				COPY_PHASE_STRIP = NO;
				DEBUG_INFORMATION_FORMAT = "dwarf-with-dsym";
				ENABLE_NS_ASSERTIONS = NO;
				ENABLE_STRICT_OBJC_MSGSEND = YES;
				ENABLE_USER_SCRIPT_SANDBOXING = YES;
				GCC_C_LANGUAGE_STANDARD = gnu17;
				GCC_NO_COMMON_BLOCKS = YES;
				GCC_WARN_64_TO_32_BIT_CONVERSION = YES;
				GCC_WARN_ABOUT_RETURN_TYPE = YES_ERROR;
				GCC_WARN_UNDECLARED_SELECTOR = YES;
				GCC_WARN_UNINITIALIZED_AUTOS = YES_AGGRESSIVE;
				GCC_WARN_UNUSED_FUNCTION = YES;
				GCC_WARN_UNUSED_VARIABLE = YES;
				IPHONEOS_DEPLOYMENT_TARGET = 17.2;
				LOCALIZATION_PREFERS_STRING_CATALOGS = YES;
				MTL_ENABLE_DEBUG_INFO = NO;
				MTL_FAST_MATH = YES;
				SDKROOT = iphoneos;
				SWIFT_COMPILATION_MODE = wholemodule;
				VALIDATE_PRODUCT = YES;
			};
			name = Release;
		};
		814F2E012C19D8600052A922 /* Debug */ = {
			isa = XCBuildConfiguration;
			buildSettings = {
				ASSETCATALOG_COMPILER_APPICON_NAME = AppIcon;
				ASSETCATALOG_COMPILER_GLOBAL_ACCENT_COLOR_NAME = AccentColor;
				CODE_SIGN_STYLE = Automatic;
				CURRENT_PROJECT_VERSION = 1;
				DEVELOPMENT_ASSET_PATHS = "\"ChatGPTTest/Preview Content\"";
				DEVELOPMENT_TEAM = U2ZN2W2UQJ;
				ENABLE_PREVIEWS = YES;
				GENERATE_INFOPLIST_FILE = YES;
				INFOPLIST_KEY_UIApplicationSceneManifest_Generation = YES;
				INFOPLIST_KEY_UIApplicationSupportsIndirectInputEvents = YES;
				INFOPLIST_KEY_UILaunchScreen_Generation = YES;
				INFOPLIST_KEY_UISupportedInterfaceOrientations_iPad = "UIInterfaceOrientationPortrait UIInterfaceOrientationPortraitUpsideDown UIInterfaceOrientationLandscapeLeft UIInterfaceOrientationLandscapeRight";
				INFOPLIST_KEY_UISupportedInterfaceOrientations_iPhone = "UIInterfaceOrientationPortrait UIInterfaceOrientationLandscapeLeft UIInterfaceOrientationLandscapeRight";
				LD_RUNPATH_SEARCH_PATHS = (
					"$(inherited)",
					"@executable_path/Frameworks",
				);
				MARKETING_VERSION = 1.0;
				PRODUCT_BUNDLE_IDENTIFIER = ca.russellgordon.ChatGPTTest;
				PRODUCT_NAME = "$(TARGET_NAME)";
				SWIFT_EMIT_LOC_STRINGS = YES;
				SWIFT_VERSION = 5.0;
				TARGETED_DEVICE_FAMILY = "1,2";
			};
			name = Debug;
		};
		814F2E022C19D8600052A922 /* Release */ = {
			isa = XCBuildConfiguration;
			buildSettings = {
				ASSETCATALOG_COMPILER_APPICON_NAME = AppIcon;
				ASSETCATALOG_COMPILER_GLOBAL_ACCENT_COLOR_NAME = AccentColor;
				CODE_SIGN_STYLE = Automatic;
				CURRENT_PROJECT_VERSION = 1;
				DEVELOPMENT_ASSET_PATHS = "\"ChatGPTTest/Preview Content\"";
				DEVELOPMENT_TEAM = U2ZN2W2UQJ;
				ENABLE_PREVIEWS = YES;
				GENERATE_INFOPLIST_FILE = YES;
				INFOPLIST_KEY_UIApplicationSceneManifest_Generation = YES;
				INFOPLIST_KEY_UIApplicationSupportsIndirectInputEvents = YES;
				INFOPLIST_KEY_UILaunchScreen_Generation = YES;
				INFOPLIST_KEY_UISupportedInterfaceOrientations_iPad = "UIInterfaceOrientationPortrait UIInterfaceOrientationPortraitUpsideDown UIInterfaceOrientationLandscapeLeft UIInterfaceOrientationLandscapeRight";
				INFOPLIST_KEY_UISupportedInterfaceOrientations_iPhone = "UIInterfaceOrientationPortrait UIInterfaceOrientationLandscapeLeft UIInterfaceOrientationLandscapeRight";
				LD_RUNPATH_SEARCH_PATHS = (
					"$(inherited)",
					"@executable_path/Frameworks",
				);
				MARKETING_VERSION = 1.0;
				PRODUCT_BUNDLE_IDENTIFIER = ca.russellgordon.ChatGPTTest;
				PRODUCT_NAME = "$(TARGET_NAME)";
				SWIFT_EMIT_LOC_STRINGS = YES;
				SWIFT_VERSION = 5.0;
				TARGETED_DEVICE_FAMILY = "1,2";
			};
			name = Release;
		};
/* End XCBuildConfiguration section */

/* Begin XCConfigurationList section */
		814F2DED2C19D85E0052A922 /* Build configuration list for PBXProject "ChatGPTTest" */ = {
			isa = XCConfigurationList;
			buildConfigurations = (
				814F2DFE2C19D8600052A922 /* Debug */,
				814F2DFF2C19D8600052A922 /* Release */,
			);
			defaultConfigurationIsVisible = 0;
			defaultConfigurationName = Release;
		};
		814F2E002C19D8600052A922 /* Build configuration list for PBXNativeTarget "ChatGPTTest" */ = {
			isa = XCConfigurationList;
			buildConfigurations = (
				814F2E012C19D8600052A922 /* Debug */,
				814F2E022C19D8600052A922 /* Release */,
			);
			defaultConfigurationIsVisible = 0;
			defaultConfigurationName = Release;
		};
/* End XCConfigurationList section */

/* Begin XCRemoteSwiftPackageReference section */
		2EF7D8DB2C1B295D00A96D5B /* XCRemoteSwiftPackageReference "OpenAI" */ = {
			isa = XCRemoteSwiftPackageReference;
			repositoryURL = "Https://github.com/MacPaw/OpenAI";
			requirement = {
				kind = upToNextMajorVersion;
				minimumVersion = 0.2.9;
			};
		};
/* End XCRemoteSwiftPackageReference section */

/* Begin XCSwiftPackageProductDependency section */
		2EF7D8DC2C1B295D00A96D5B /* OpenAI */ = {
			isa = XCSwiftPackageProductDependency;
			package = 2EF7D8DB2C1B295D00A96D5B /* XCRemoteSwiftPackageReference "OpenAI" */;
			productName = OpenAI;
		};
/* End XCSwiftPackageProductDependency section */
	};
	rootObject = 814F2DEA2C19D85E0052A922 /* Project object */;
}
